
Microsoft Visual Studio Solution File, Format Version 12.00
# Visual Studio Version 17
VisualStudioVersion = 17.4.33213.308
MinimumVisualStudioVersion = 10.0.40219.1
Project("{FAE04EC0-301F-11D3-BF4B-00C04F79EFBC}") = "אתר", "אתר\אתר.csproj", "{48966CC8-F467-440B-9297-2AD4DAA5DE2A}"
EndProject
Global
	GlobalSection(SolutionConfigurationPlatforms) = preSolution
		Debug|Any CPU = Debug|Any CPU
		Release|Any CPU = Release|Any CPU
	EndGlobalSection
	GlobalSection(ProjectConfigurationPlatforms) = postSolution
		{48966CC8-F467-440B-9297-2AD4DAA5DE2A}.Debug|Any CPU.ActiveCfg = Debug|Any CPU
		{48966CC8-F467-440B-9297-2AD4DAA5DE2A}.Debug|Any CPU.Build.0 = Debug|Any CPU
		{48966CC8-F467-440B-9297-2AD4DAA5DE2A}.Release|Any CPU.ActiveCfg = Release|Any CPU
		{48966CC8-F467-440B-9297-2AD4DAA5DE2A}.Release|Any CPU.Build.0 = Release|Any CPU
	EndGlobalSection
	GlobalSection(SolutionProperties) = preSolution
		HideSolutionNode = FALSE
	EndGlobalSection
	GlobalSection(ExtensibilityGlobals) = postSolution
		SolutionGuid = {CD9F021E-7472-47C6-B747-B004C2B10270}
	EndGlobalSection
EndGlobal
